Microsoft Visual Studio Solution File, Format Version 11.00
# Visual Studio 2008

Project("{297D6ABE-7DB3-287A-EBCC-075C2653212A}") = "hw1p2", "Assembly-CSharp.csproj", "{DFECA076-16F8-3EC7-DD42-0A3D1ED40957}"
EndProject
Project("{297D6ABE-7DB3-287A-EBCC-075C2653212A}") = "hw1p2", "Assembly-CSharp-Editor.csproj", "{DD9733DF-4875-7ACD-F0BD-1B87B1BFEABB}"
EndProject
Global
	GlobalSection(SolutionConfigurationPlatforms) = preSolution
		Debug|Any CPU = Debug|Any CPU
		Release|Any CPU = Release|Any CPU
	EndGlobalSection
	GlobalSection(ProjectConfigurationPlatforms) = postSolution
		{DFECA076-16F8-3EC7-DD42-0A3D1ED40957}.Debug|Any CPU.ActiveCfg = Debug|Any CPU
		{DFECA076-16F8-3EC7-DD42-0A3D1ED40957}.Debug|Any CPU.Build.0 = Debug|Any CPU
		{DFECA076-16F8-3EC7-DD42-0A3D1ED40957}.Release|Any CPU.ActiveCfg = Release|Any CPU
		{DFECA076-16F8-3EC7-DD42-0A3D1ED40957}.Release|Any CPU.Build.0 = Release|Any CPU
		{DD9733DF-4875-7ACD-F0BD-1B87B1BFEABB}.Debug|Any CPU.ActiveCfg = Debug|Any CPU
		{DD9733DF-4875-7ACD-F0BD-1B87B1BFEABB}.Debug|Any CPU.Build.0 = Debug|Any CPU
		{DD9733DF-4875-7ACD-F0BD-1B87B1BFEABB}.Release|Any CPU.ActiveCfg = Release|Any CPU
		{DD9733DF-4875-7ACD-F0BD-1B87B1BFEABB}.Release|Any CPU.Build.0 = Release|Any CPU
	EndGlobalSection
	GlobalSection(SolutionProperties) = preSolution
		HideSolutionNode = FALSE
	EndGlobalSection
	GlobalSection(MonoDevelopProperties) = preSolution
		StartupItem = Assembly-CSharp.csproj
	EndGlobalSection
EndGlobal
